
Microsoft Visual Studio Solution File, Format Version 12.00
# Visual Studio Version 17
VisualStudioVersion = 17.5.33502.453
MinimumVisualStudioVersion = 10.0.40219.1
Project("{FAE04EC0-301F-11D3-BF4B-00C04F79EFBC}") = "PizzaStoreApi", "PizzaStoreApi\PizzaStoreApi.csproj", "{136073BE-1A2F-47EB-8CC3-DFC9F85E4BA1}"
EndProject
Global
	GlobalSection(SolutionConfigurationPlatforms) = preSolution
		Debug|Any CPU = Debug|Any CPU
		Release|Any CPU = Release|Any CPU
	EndGlobalSection
	GlobalSection(ProjectConfigurationPlatforms) = postSolution
		{136073BE-1A2F-47EB-8CC3-DFC9F85E4BA1}.Debug|Any CPU.ActiveCfg = Debug|Any CPU
		{136073BE-1A2F-47EB-8CC3-DFC9F85E4BA1}.Debug|Any CPU.Build.0 = Debug|Any CPU
		{136073BE-1A2F-47EB-8CC3-DFC9F85E4BA1}.Release|Any CPU.ActiveCfg = Release|Any CPU
		{136073BE-1A2F-47EB-8CC3-DFC9F85E4BA1}.Release|Any CPU.Build.0 = Release|Any CPU
	EndGlobalSection
	GlobalSection(SolutionProperties) = preSolution
		HideSolutionNode = FALSE
	EndGlobalSection
	GlobalSection(ExtensibilityGlobals) = postSolution
		SolutionGuid = {14CF292B-E130-4A5D-B8D7-206649CCF735}
	EndGlobalSection
EndGlobal
